// !$*UTF8*$!
{
	archiveVersion = 1;
	classes = {
	};
	objectVersion = 46;
	objects = {

/* Begin PBXBuildFile section */
		A50802E01CA3E5B60022FF8D /* AppDelegate.m in Sources */ = {isa = PBXBuildFile; fileRef = A50802DF1CA3E5B60022FF8D /* AppDelegate.m */; };
		A50802E51CA427C10022FF8D /* HomeViewController.m in Sources */ = {isa = PBXBuildFile; fileRef = A50802E41CA427C10022FF8D /* HomeViewController.m */; };
		A50802E81CA427CE0022FF8D /* MessageViewController.m in Sources */ = {isa = PBXBuildFile; fileRef = A50802E71CA427CE0022FF8D /* MessageViewController.m */; };
		A50802EB1CA427DD0022FF8D /* DiscoverViewController.m in Sources */ = {isa = PBXBuildFile; fileRef = A50802EA1CA427DD0022FF8D /* DiscoverViewController.m */; };
		A50802EE1CA427E50022FF8D /* ProfileViewController.m in Sources */ = {isa = PBXBuildFile; fileRef = A50802ED1CA427E50022FF8D /* ProfileViewController.m */; };
		A5433E9B1CA5701E004F2DC3 /* TabbarController.m in Sources */ = {isa = PBXBuildFile; fileRef = A5433E9A1CA5701E004F2DC3 /* TabbarController.m */; };
		A5A0A8FF1CA2C8A900BB061D /* main.m in Sources */ = {isa = PBXBuildFile; fileRef = A5A0A8FE1CA2C8A900BB061D /* main.m */; };
		A5A0A90A1CA2C8A900BB061D /* Assets.xcassets in Resources */ = {isa = PBXBuildFile; fileRef = A5A0A9091CA2C8A900BB061D /* Assets.xcassets */; };
		A5A0A90D1CA2C8A900BB061D /* LaunchScreen.storyboard in Resources */ = {isa = PBXBuildFile; fileRef = A5A0A90B1CA2C8A900BB061D /* LaunchScreen.storyboard */; };
/* End PBXBuildFile section */

/* Begin PBXFileReference section */
		A50802DE1CA3E5B60022FF8D /* AppDelegate.h */ = {isa = PBXFileReference; fileEncoding = 4; lastKnownFileType = sourcecode.c.h; path = AppDelegate.h; sourceTree = "<group>"; };
		A50802DF1CA3E5B60022FF8D /* AppDelegate.m */ = {isa = PBXFileReference; fileEncoding = 4; lastKnownFileType = sourcecode.c.objc; path = AppDelegate.m; sourceTree = "<group>"; };
		A50802E21CA3E7DB0022FF8D /* PrefixHeader.pch */ = {isa = PBXFileReference; lastKnownFileType = sourcecode.c.h; path = PrefixHeader.pch; sourceTree = "<group>"; };
		A50802E31CA427C10022FF8D /* HomeViewController.h */ = {isa = PBXFileReference; fileEncoding = 4; lastKnownFileType = sourcecode.c.h; path = HomeViewController.h; sourceTree = "<group>"; };
		A50802E41CA427C10022FF8D /* HomeViewController.m */ = {isa = PBXFileReference; fileEncoding = 4; lastKnownFileType = sourcecode.c.objc; path = HomeViewController.m; sourceTree = "<group>"; };
		A50802E61CA427CE0022FF8D /* MessageViewController.h */ = {isa = PBXFileReference; fileEncoding = 4; lastKnownFileType = sourcecode.c.h; path = MessageViewController.h; sourceTree = "<group>"; };
		A50802E71CA427CE0022FF8D /* MessageViewController.m */ = {isa = PBXFileReference; fileEncoding = 4; lastKnownFileType = sourcecode.c.objc; path = MessageViewController.m; sourceTree = "<group>"; };
		A50802E91CA427DD0022FF8D /* DiscoverViewController.h */ = {isa = PBXFileReference; fileEncoding = 4; lastKnownFileType = sourcecode.c.h; path = DiscoverViewController.h; sourceTree = "<group>"; };
		A50802EA1CA427DD0022FF8D /* DiscoverViewController.m */ = {isa = PBXFileReference; fileEncoding = 4; lastKnownFileType = sourcecode.c.objc; path = DiscoverViewController.m; sourceTree = "<group>"; };
		A50802EC1CA427E50022FF8D /* ProfileViewController.h */ = {isa = PBXFileReference; fileEncoding = 4; lastKnownFileType = sourcecode.c.h; path = ProfileViewController.h; sourceTree = "<group>"; };
		A50802ED1CA427E50022FF8D /* ProfileViewController.m */ = {isa = PBXFileReference; fileEncoding = 4; lastKnownFileType = sourcecode.c.objc; path = ProfileViewController.m; sourceTree = "<group>"; };
		A5433E991CA5701E004F2DC3 /* TabbarController.h */ = {isa = PBXFileReference; fileEncoding = 4; lastKnownFileType = sourcecode.c.h; path = TabbarController.h; sourceTree = "<group>"; };
		A5433E9A1CA5701E004F2DC3 /* TabbarController.m */ = {isa = PBXFileReference; fileEncoding = 4; lastKnownFileType = sourcecode.c.objc; path = TabbarController.m; sourceTree = "<group>"; };
		A5A0A8FA1CA2C8A900BB061D /* 新浪微博UI框架01.app */ = {isa = PBXFileReference; explicitFileType = wrapper.application; includeInIndex = 0; path = "新浪微博UI框架01.app"; sourceTree = BUILT_PRODUCTS_DIR; };
		A5A0A8FE1CA2C8A900BB061D /* main.m */ = {isa = PBXFileReference; lastKnownFileType = sourcecode.c.objc; name = main.m; path = ../main.m; sourceTree = "<group>"; };
		A5A0A9091CA2C8A900BB061D /* Assets.xcassets */ = {isa = PBXFileReference; lastKnownFileType = folder.assetcatalog; path = Assets.xcassets; sourceTree = "<group>"; };
		A5A0A90C1CA2C8A900BB061D /* Base */ = {isa = PBXFileReference; lastKnownFileType = file.storyboard; name = Base; path = Base.lproj/LaunchScreen.storyboard; sourceTree = "<group>"; };
		A5A0A90E1CA2C8A900BB061D /* Info.plist */ = {isa = PBXFileReference; lastKnownFileType = text.plist.xml; path = Info.plist; sourceTree = "<group>"; };
/* End PBXFileReference section */

/* Begin PBXFrameworksBuildPhase section */
		A5A0A8F71CA2C8A900BB061D /* Frameworks */ = {
			isa = PBXFrameworksBuildPhase;
			buildActionMask = 2147483647;
			files = (
			);
			runOnlyForDeploymentPostprocessing = 0;
		};
/* End PBXFrameworksBuildPhase section */

/* Begin PBXGroup section */
		A50802DD1CA3E5B60022FF8D /* Classes */ = {
			isa = PBXGroup;
			children = (
				A50802DE1CA3E5B60022FF8D /* AppDelegate.h */,
				A50802DF1CA3E5B60022FF8D /* AppDelegate.m */,
				A5A0A8FE1CA2C8A900BB061D /* main.m */,
				A50802E21CA3E7DB0022FF8D /* PrefixHeader.pch */,
				A50802E31CA427C10022FF8D /* HomeViewController.h */,
				A50802E41CA427C10022FF8D /* HomeViewController.m */,
				A50802E61CA427CE0022FF8D /* MessageViewController.h */,
				A50802E71CA427CE0022FF8D /* MessageViewController.m */,
				A50802E91CA427DD0022FF8D /* DiscoverViewController.h */,
				A50802EA1CA427DD0022FF8D /* DiscoverViewController.m */,
				A50802EC1CA427E50022FF8D /* ProfileViewController.h */,
				A50802ED1CA427E50022FF8D /* ProfileViewController.m */,
				A5433E991CA5701E004F2DC3 /* TabbarController.h */,
				A5433E9A1CA5701E004F2DC3 /* TabbarController.m */,
			);
			path = Classes;
			sourceTree = "<group>";
		};
		A5A0A8F11CA2C8A900BB061D = {
			isa = PBXGroup;
			children = (
				A5A0A8FC1CA2C8A900BB061D /* 新浪微博UI框架01 */,
				A5A0A8FB1CA2C8A900BB061D /* Products */,
			);
			sourceTree = "<group>";
		};
		A5A0A8FB1CA2C8A900BB061D /* Products */ = {
			isa = PBXGroup;
			children = (
				A5A0A8FA1CA2C8A900BB061D /* 新浪微博UI框架01.app */,
			);
			name = Products;
			sourceTree = "<group>";
		};
		A5A0A8FC1CA2C8A900BB061D /* 新浪微博UI框架01 */ = {
			isa = PBXGroup;
			children = (
				A50802DD1CA3E5B60022FF8D /* Classes */,
				A5A0A8FD1CA2C8A900BB061D /* Supporting Files */,
			);
			path = "新浪微博UI框架01";
			sourceTree = "<group>";
		};
		A5A0A8FD1CA2C8A900BB061D /* Supporting Files */ = {
			isa = PBXGroup;
			children = (
				A5A0A9091CA2C8A900BB061D /* Assets.xcassets */,
				A5A0A90B1CA2C8A900BB061D /* LaunchScreen.storyboard */,
				A5A0A90E1CA2C8A900BB061D /* Info.plist */,
			);
			name = "Supporting Files";
			sourceTree = "<group>";
		};
/* End PBXGroup section */

/* Begin PBXNativeTarget section */
		A5A0A8F91CA2C8A900BB061D /* 新浪微博UI框架01 */ = {
			isa = PBXNativeTarget;
			buildConfigurationList = A5A0A9111CA2C8A900BB061D /* Build configuration list for PBXNativeTarget "新浪微博UI框架01" */;
			buildPhases = (
				A5A0A8F61CA2C8A900BB061D /* Sources */,
				A5A0A8F71CA2C8A900BB061D /* Frameworks */,
				A5A0A8F81CA2C8A900BB061D /* Resources */,
			);
			buildRules = (
			);
			dependencies = (
			);
			name = "新浪微博UI框架01";
			productName = "新浪微博UI框架01";
			productReference = A5A0A8FA1CA2C8A900BB061D /* 新浪微博UI框架01.app */;
			productType = "com.apple.product-type.application";
		};
/* End PBXNativeTarget section */

/* Begin PBXProject section */
		A5A0A8F21CA2C8A900BB061D /* Project object */ = {
			isa = PBXProject;
			attributes = {
				LastUpgradeCheck = 0710;
				ORGANIZATIONNAME = labixiaoxin1019;
				TargetAttributes = {
					A5A0A8F91CA2C8A900BB061D = {
						CreatedOnToolsVersion = 7.1.1;
					};
				};
			};
			buildConfigurationList = A5A0A8F51CA2C8A900BB061D /* Build configuration list for PBXProject "新浪微博UI框架01" */;
			compatibilityVersion = "Xcode 3.2";
			developmentRegion = English;
			hasScannedForEncodings = 0;
			knownRegions = (
				en,
				Base,
			);
			mainGroup = A5A0A8F11CA2C8A900BB061D;
			productRefGroup = A5A0A8FB1CA2C8A900BB061D /* Products */;
			projectDirPath = "";
			projectRoot = "";
			targets = (
				A5A0A8F91CA2C8A900BB061D /* 新浪微博UI框架01 */,
			);
		};
/* End PBXProject section */

/* Begin PBXResourcesBuildPhase section */
		A5A0A8F81CA2C8A900BB061D /* Resources */ = {
			isa = PBXResourcesBuildPhase;
			buildActionMask = 2147483647;
			files = (
				A5A0A90D1CA2C8A900BB061D /* LaunchScreen.storyboard in Resources */,
				A5A0A90A1CA2C8A900BB061D /* Assets.xcassets in Resources */,
			);
			runOnlyForDeploymentPostprocessing = 0;
		};
/* End PBXResourcesBuildPhase section */

/* Begin PBXSourcesBuildPhase section */
		A5A0A8F61CA2C8A900BB061D /* Sources */ = {
			isa = PBXSourcesBuildPhase;
			buildActionMask = 2147483647;
			files = (
				A50802EB1CA427DD0022FF8D /* DiscoverViewController.m in Sources */,
				A50802E01CA3E5B60022FF8D /* AppDelegate.m in Sources */,
				A5A0A8FF1CA2C8A900BB061D /* main.m in Sources */,
				A50802E81CA427CE0022FF8D /* MessageViewController.m in Sources */,
				A50802EE1CA427E50022FF8D /* ProfileViewController.m in Sources */,
				A50802E51CA427C10022FF8D /* HomeViewController.m in Sources */,
				A5433E9B1CA5701E004F2DC3 /* TabbarController.m in Sources */,
			);
			runOnlyForDeploymentPostprocessing = 0;
		};
/* End PBXSourcesBuildPhase section */

/* Begin PBXVariantGroup section */
		A5A0A90B1CA2C8A900BB061D /* LaunchScreen.storyboard */ = {
			isa = PBXVariantGroup;
			children = (
				A5A0A90C1CA2C8A900BB061D /* Base */,
			);
			name = LaunchScreen.storyboard;
			sourceTree = "<group>";
		};
/* End PBXVariantGroup section */

/* Begin XCBuildConfiguration section */
		A5A0A90F1CA2C8A900BB061D /* Debug */ = {
			isa = XCBuildConfiguration;
			buildSettings = {
				ALWAYS_SEARCH_USER_PATHS = NO;
				CLANG_CXX_LANGUAGE_STANDARD = "gnu++0x";
				CLANG_CXX_LIBRARY = "libc++";
				CLANG_ENABLE_MODULES = YES;
				CLANG_ENABLE_OBJC_ARC = YES;
				CLANG_WARN_BOOL_CONVERSION = YES;
				CLANG_WARN_CONSTANT_CONVERSION = YES;
				CLANG_WARN_DIRECT_OBJC_ISA_USAGE = YES_ERROR;
				CLANG_WARN_EMPTY_BODY = YES;
				CLANG_WARN_ENUM_CONVERSION = YES;
				CLANG_WARN_INT_CONVERSION = YES;
				CLANG_WARN_OBJC_ROOT_CLASS = YES_ERROR;
				CLANG_WARN_UNREACHABLE_CODE = YES;
				CLANG_WARN__DUPLICATE_METHOD_MATCH = YES;
				"CODE_SIGN_IDENTITY[sdk=iphoneos*]" = "iPhone Developer";
				COPY_PHASE_STRIP = NO;
				DEBUG_INFORMATION_FORMAT = dwarf;
				ENABLE_STRICT_OBJC_MSGSEND = YES;
				ENABLE_TESTABILITY = YES;
				GCC_C_LANGUAGE_STANDARD = gnu99;
				GCC_DYNAMIC_NO_PIC = NO;
				GCC_NO_COMMON_BLOCKS = YES;
				GCC_OPTIMIZATION_LEVEL = 0;
				GCC_PREPROCESSOR_DEFINITIONS = (
					"DEBUG=1",
					"$(inherited)",
				);
				GCC_WARN_64_TO_32_BIT_CONVERSION = YES;
				GCC_WARN_ABOUT_RETURN_TYPE = YES_ERROR;
				GCC_WARN_UNDECLARED_SELECTOR = YES;
				GCC_WARN_UNINITIALIZED_AUTOS = YES_AGGRESSIVE;
				GCC_WARN_UNUSED_FUNCTION = YES;
				GCC_WARN_UNUSED_VARIABLE = YES;
				IPHONEOS_DEPLOYMENT_TARGET = 9.1;
				MTL_ENABLE_DEBUG_INFO = YES;
				ONLY_ACTIVE_ARCH = YES;
				SDKROOT = iphoneos;
			};
			name = Debug;
		};
		A5A0A9101CA2C8A900BB061D /* Release */ = {
			isa = XCBuildConfiguration;
			buildSettings = {
				ALWAYS_SEARCH_USER_PATHS = NO;
				CLANG_CXX_LANGUAGE_STANDARD = "gnu++0x";
				CLANG_CXX_LIBRARY = "libc++";
				CLANG_ENABLE_MODULES = YES;
				CLANG_ENABLE_OBJC_ARC = YES;
				CLANG_WARN_BOOL_CONVERSION = YES;
				CLANG_WARN_CONSTANT_CONVERSION = YES;
				CLANG_WARN_DIRECT_OBJC_ISA_USAGE = YES_ERROR;
				CLANG_WARN_EMPTY_BODY = YES;
				CLANG_WARN_ENUM_CONVERSION = YES;
				CLANG_WARN_INT_CONVERSION = YES;
				CLANG_WARN_OBJC_ROOT_CLASS = YES_ERROR;
				CLANG_WARN_UNREACHABLE_CODE = YES;
				CLANG_WARN__DUPLICATE_METHOD_MATCH = YES;
				"CODE_SIGN_IDENTITY[sdk=iphoneos*]" = "iPhone Developer";
				COPY_PHASE_STRIP = NO;
				DEBUG_INFORMATION_FORMAT = "dwarf-with-dsym";
				ENABLE_NS_ASSERTIONS = NO;
				ENABLE_STRICT_OBJC_MSGSEND = YES;
				GCC_C_LANGUAGE_STANDARD = gnu99;
				GCC_NO_COMMON_BLOCKS = YES;
				GCC_WARN_64_TO_32_BIT_CONVERSION = YES;
				GCC_WARN_ABOUT_RETURN_TYPE = YES_ERROR;
				GCC_WARN_UNDECLARED_SELECTOR = YES;
				GCC_WARN_UNINITIALIZED_AUTOS = YES_AGGRESSIVE;
				GCC_WARN_UNUSED_FUNCTION = YES;
				GCC_WARN_UNUSED_VARIABLE = YES;
				IPHONEOS_DEPLOYMENT_TARGET = 9.1;
				MTL_ENABLE_DEBUG_INFO = NO;
				SDKROOT = iphoneos;
				VALIDATE_PRODUCT = YES;
			};
			name = Release;
		};
		A5A0A9121CA2C8A900BB061D /* Debug */ = {
			isa = XCBuildConfiguration;
			buildSettings = {
				ASSETCATALOG_COMPILER_APPICON_NAME = AppIcon;
				ASSETCATALOG_COMPILER_LAUNCHIMAGE_NAME = LaunchImage;
				GCC_PRECOMPILE_PREFIX_HEADER = YES;
				GCC_PREFIX_HEADER = "/Users/labixiaoxin1019/XcodeProject/IOS_Project/新浪微博UI框架01/新浪微博UI框架01/Classes/PrefixHeader.pch";
				INFOPLIST_FILE = "新浪微博UI框架01/Info.plist";
				IPHONEOS_DEPLOYMENT_TARGET = 7.1;
				LD_RUNPATH_SEARCH_PATHS = "$(inherited) @executable_path/Frameworks";
				PRODUCT_BUNDLE_IDENTIFIER = "com.labixiaoxin1019.----UI--01";
				PRODUCT_NAME = "$(TARGET_NAME)";
			};
			name = Debug;
		};
		A5A0A9131CA2C8A900BB061D /* Release */ = {
			isa = XCBuildConfiguration;
			buildSettings = {
				ASSETCATALOG_COMPILER_APPICON_NAME = AppIcon;
				ASSETCATALOG_COMPILER_LAUNCHIMAGE_NAME = LaunchImage;
				GCC_PRECOMPILE_PREFIX_HEADER = YES;
				GCC_PREFIX_HEADER = "/Users/labixiaoxin1019/XcodeProject/IOS_Project/新浪微博UI框架01/新浪微博UI框架01/Classes/PrefixHeader.pch";
				INFOPLIST_FILE = "新浪微博UI框架01/Info.plist";
				IPHONEOS_DEPLOYMENT_TARGET = 7.1;
				LD_RUNPATH_SEARCH_PATHS = "$(inherited) @executable_path/Frameworks";
				PRODUCT_BUNDLE_IDENTIFIER = "com.labixiaoxin1019.----UI--01";
				PRODUCT_NAME = "$(TARGET_NAME)";
			};
			name = Release;
		};
/* End XCBuildConfiguration section */

/* Begin XCConfigurationList section */
		A5A0A8F51CA2C8A900BB061D /* Build configuration list for PBXProject "新浪微博UI框架01" */ = {
			isa = XCConfigurationList;
			buildConfigurations = (
				A5A0A90F1CA2C8A900BB061D /* Debug */,
				A5A0A9101CA2C8A900BB061D /* Release */,
			);
			defaultConfigurationIsVisible = 0;
			defaultConfigurationName = Release;
		};
		A5A0A9111CA2C8A900BB061D /* Build configuration list for PBXNativeTarget "新浪微博UI框架01" */ = {
			isa = XCConfigurationList;
			buildConfigurations = (
				A5A0A9121CA2C8A900BB061D /* Debug */,
				A5A0A9131CA2C8A900BB061D /* Release */,
			);
			defaultConfigurationIsVisible = 0;
			defaultConfigurationName = Release;
		};
/* End XCConfigurationList section */
	};
	rootObject = A5A0A8F21CA2C8A900BB061D /* Project object */;
}
