// !$*UTF8*$!
{
	archiveVersion = 1;
	classes = {
	};
	objectVersion = 46;
	objects = {

/* Begin PBXBuildFile section */
		A50802E01CA3E5B60022FF8D /* AppDelegate.m in Sources */ = {isa = PBXBuildFile; fileRef = A50802DF1CA3E5B60022FF8D /* AppDelegate.m */; };
		A51978121CAA9BE100787C5A /* UIBarButtonItem+Extension.m in Sources */ = {isa = PBXBuildFile; fileRef = A51978111CAA9BE100787C5A /* UIBarButtonItem+Extension.m */; };
		A51D7AEF1CAB745900349A16 /* SearchBar.m in Sources */ = {isa = PBXBuildFile; fileRef = A51D7AEE1CAB745900349A16 /* SearchBar.m */; };
		A52504061CACBAA800692C0F /* DropdownMenu.m in Sources */ = {isa = PBXBuildFile; fileRef = A52504051CACBAA800692C0F /* DropdownMenu.m */; };
		A52504091CACE3BA00692C0F /* DropdownMenuTableView.m in Sources */ = {isa = PBXBuildFile; fileRef = A52504081CACE3BA00692C0F /* DropdownMenuTableView.m */; };
		A525040F1CAD443200692C0F /* Tabbar.m in Sources */ = {isa = PBXBuildFile; fileRef = A525040E1CAD443200692C0F /* Tabbar.m */; };
		A5388D461CA812EC0063EB9C /* DiscoverViewController.m in Sources */ = {isa = PBXBuildFile; fileRef = A5388D3D1CA812EC0063EB9C /* DiscoverViewController.m */; };
		A5388D471CA812EC0063EB9C /* HomeViewController.m in Sources */ = {isa = PBXBuildFile; fileRef = A5388D431CA812EC0063EB9C /* HomeViewController.m */; };
		A5388D691CA812FA0063EB9C /* MessageViewController.m in Sources */ = {isa = PBXBuildFile; fileRef = A5388D561CA812FA0063EB9C /* MessageViewController.m */; };
		A5388D6A1CA812FA0063EB9C /* Test1ViewController.m in Sources */ = {isa = PBXBuildFile; fileRef = A5388D5B1CA812FA0063EB9C /* Test1ViewController.m */; };
		A5388D6B1CA812FA0063EB9C /* Test1ViewController.xib in Resources */ = {isa = PBXBuildFile; fileRef = A5388D5C1CA812FA0063EB9C /* Test1ViewController.xib */; };
		A5388D6C1CA812FA0063EB9C /* Test2ViewController.m in Sources */ = {isa = PBXBuildFile; fileRef = A5388D5E1CA812FA0063EB9C /* Test2ViewController.m */; };
		A5388D6D1CA812FA0063EB9C /* Test2ViewController.xib in Resources */ = {isa = PBXBuildFile; fileRef = A5388D5F1CA812FA0063EB9C /* Test2ViewController.xib */; };
		A5388D6E1CA812FA0063EB9C /* ProfileViewController.m in Sources */ = {isa = PBXBuildFile; fileRef = A5388D631CA812FA0063EB9C /* ProfileViewController.m */; };
		A5388DA21CA814730063EB9C /* UIView+Extension.m in Sources */ = {isa = PBXBuildFile; fileRef = A5388D991CA814730063EB9C /* UIView+Extension.m */; };
		A5388DA31CA814730063EB9C /* NavigationController.m in Sources */ = {isa = PBXBuildFile; fileRef = A5388D9C1CA814730063EB9C /* NavigationController.m */; };
		A5388DA41CA814730063EB9C /* TabbarController.m in Sources */ = {isa = PBXBuildFile; fileRef = A5388D9E1CA814730063EB9C /* TabbarController.m */; };
		A5388DA51CA814730063EB9C /* main.m in Sources */ = {isa = PBXBuildFile; fileRef = A5388D9F1CA814730063EB9C /* main.m */; };
		A54B03831CAE38F400707471 /* NewFeaturesViewController.m in Sources */ = {isa = PBXBuildFile; fileRef = A54B03821CAE38F400707471 /* NewFeaturesViewController.m */; };
		A5539BBF1CB118DD002C8510 /* OAuthController.m in Sources */ = {isa = PBXBuildFile; fileRef = A5539BBE1CB118DD002C8510 /* OAuthController.m */; };
		A559125B1CB53B96000578FD /* DropdownButton.m in Sources */ = {isa = PBXBuildFile; fileRef = A559125A1CB53B96000578FD /* DropdownButton.m */; };
		A56CDBA11CB37D4F00CE660B /* AFHTTPSessionManager.m in Sources */ = {isa = PBXBuildFile; fileRef = A56CDB951CB37D4F00CE660B /* AFHTTPSessionManager.m */; };
		A56CDBA21CB37D4F00CE660B /* AFNetworkReachabilityManager.m in Sources */ = {isa = PBXBuildFile; fileRef = A56CDB981CB37D4F00CE660B /* AFNetworkReachabilityManager.m */; };
		A56CDBA31CB37D4F00CE660B /* AFSecurityPolicy.m in Sources */ = {isa = PBXBuildFile; fileRef = A56CDB9A1CB37D4F00CE660B /* AFSecurityPolicy.m */; };
		A56CDBA41CB37D4F00CE660B /* AFURLRequestSerialization.m in Sources */ = {isa = PBXBuildFile; fileRef = A56CDB9C1CB37D4F00CE660B /* AFURLRequestSerialization.m */; };
		A56CDBA51CB37D4F00CE660B /* AFURLResponseSerialization.m in Sources */ = {isa = PBXBuildFile; fileRef = A56CDB9E1CB37D4F00CE660B /* AFURLResponseSerialization.m */; };
		A56CDBA61CB37D4F00CE660B /* AFURLSessionManager.m in Sources */ = {isa = PBXBuildFile; fileRef = A56CDBA01CB37D4F00CE660B /* AFURLSessionManager.m */; };
		A56CDBAA1CB3A00100CE660B /* Account.m in Sources */ = {isa = PBXBuildFile; fileRef = A56CDBA91CB3A00100CE660B /* Account.m */; };
		A56CDBAE1CB3AB9700CE660B /* AccountTool.m in Sources */ = {isa = PBXBuildFile; fileRef = A56CDBAD1CB3AB9700CE660B /* AccountTool.m */; };
		A56CDBD71CB3EBB800CE660B /* UIWindow+Extension.m in Sources */ = {isa = PBXBuildFile; fileRef = A56CDBD61CB3EBB800CE660B /* UIWindow+Extension.m */; };
		A56CDBDA1CB3F6F500CE660B /* NSArray+Log.m in Sources */ = {isa = PBXBuildFile; fileRef = A56CDBD91CB3F6F500CE660B /* NSArray+Log.m */; };
		A570F8261CB6407200D69277 /* MKAnnotationView+WebCache.m in Sources */ = {isa = PBXBuildFile; fileRef = A570F8061CB6407200D69277 /* MKAnnotationView+WebCache.m */; };
		A570F8271CB6407200D69277 /* NSData+ImageContentType.m in Sources */ = {isa = PBXBuildFile; fileRef = A570F8081CB6407200D69277 /* NSData+ImageContentType.m */; };
		A570F8281CB6407200D69277 /* SDImageCache.m in Sources */ = {isa = PBXBuildFile; fileRef = A570F80A1CB6407200D69277 /* SDImageCache.m */; };
		A570F8291CB6407200D69277 /* SDWebImageCompat.m in Sources */ = {isa = PBXBuildFile; fileRef = A570F80C1CB6407200D69277 /* SDWebImageCompat.m */; };
		A570F82A1CB6407200D69277 /* SDWebImageDecoder.m in Sources */ = {isa = PBXBuildFile; fileRef = A570F80E1CB6407200D69277 /* SDWebImageDecoder.m */; };
		A570F82B1CB6407200D69277 /* SDWebImageDownloader.m in Sources */ = {isa = PBXBuildFile; fileRef = A570F8101CB6407200D69277 /* SDWebImageDownloader.m */; };
		A570F82C1CB6407200D69277 /* SDWebImageDownloaderOperation.m in Sources */ = {isa = PBXBuildFile; fileRef = A570F8121CB6407200D69277 /* SDWebImageDownloaderOperation.m */; };
		A570F82D1CB6407200D69277 /* SDWebImageManager.m in Sources */ = {isa = PBXBuildFile; fileRef = A570F8141CB6407200D69277 /* SDWebImageManager.m */; };
		A570F82E1CB6407200D69277 /* SDWebImagePrefetcher.m in Sources */ = {isa = PBXBuildFile; fileRef = A570F8171CB6407200D69277 /* SDWebImagePrefetcher.m */; };
		A570F82F1CB6407200D69277 /* UIButton+WebCache.m in Sources */ = {isa = PBXBuildFile; fileRef = A570F8191CB6407200D69277 /* UIButton+WebCache.m */; };
		A570F8301CB6407200D69277 /* UIImage+GIF.m in Sources */ = {isa = PBXBuildFile; fileRef = A570F81B1CB6407200D69277 /* UIImage+GIF.m */; };
		A570F8311CB6407200D69277 /* UIImage+MultiFormat.m in Sources */ = {isa = PBXBuildFile; fileRef = A570F81D1CB6407200D69277 /* UIImage+MultiFormat.m */; };
		A570F8321CB6407200D69277 /* UIImage+WebP.m in Sources */ = {isa = PBXBuildFile; fileRef = A570F81F1CB6407200D69277 /* UIImage+WebP.m */; };
		A570F8331CB6407200D69277 /* UIImageView+HighlightedWebCache.m in Sources */ = {isa = PBXBuildFile; fileRef = A570F8211CB6407200D69277 /* UIImageView+HighlightedWebCache.m */; };
		A570F8341CB6407200D69277 /* UIImageView+WebCache.m in Sources */ = {isa = PBXBuildFile; fileRef = A570F8231CB6407200D69277 /* UIImageView+WebCache.m */; };
		A570F8351CB6407200D69277 /* UIView+WebCacheOperation.m in Sources */ = {isa = PBXBuildFile; fileRef = A570F8251CB6407200D69277 /* UIView+WebCacheOperation.m */; };
		A570F8381CB6499B00D69277 /* Status.m in Sources */ = {isa = PBXBuildFile; fileRef = A570F8371CB6499B00D69277 /* Status.m */; };
		A570F83B1CB649AA00D69277 /* User.m in Sources */ = {isa = PBXBuildFile; fileRef = A570F83A1CB649AA00D69277 /* User.m */; };
		A5A0A90A1CA2C8A900BB061D /* Assets.xcassets in Resources */ = {isa = PBXBuildFile; fileRef = A5A0A9091CA2C8A900BB061D /* Assets.xcassets */; };
		A5A0A90D1CA2C8A900BB061D /* LaunchScreen.storyboard in Resources */ = {isa = PBXBuildFile; fileRef = A5A0A90B1CA2C8A900BB061D /* LaunchScreen.storyboard */; };
/* End PBXBuildFile section */

/* Begin PBXFileReference section */
		A50802DE1CA3E5B60022FF8D /* AppDelegate.h */ = {isa = PBXFileReference; fileEncoding = 4; lastKnownFileType = sourcecode.c.h; path = AppDelegate.h; sourceTree = "<group>"; };
		A50802DF1CA3E5B60022FF8D /* AppDelegate.m */ = {isa = PBXFileReference; fileEncoding = 4; lastKnownFileType = sourcecode.c.objc; path = AppDelegate.m; sourceTree = "<group>"; };
		A50802E21CA3E7DB0022FF8D /* PrefixHeader.pch */ = {isa = PBXFileReference; lastKnownFileType = sourcecode.c.h; path = PrefixHeader.pch; sourceTree = "<group>"; };
		A51978101CAA9BE100787C5A /* UIBarButtonItem+Extension.h */ = {isa = PBXFileReference; fileEncoding = 4; lastKnownFileType = sourcecode.c.h; path = "UIBarButtonItem+Extension.h"; sourceTree = "<group>"; };
		A51978111CAA9BE100787C5A /* UIBarButtonItem+Extension.m */ = {isa = PBXFileReference; fileEncoding = 4; lastKnownFileType = sourcecode.c.objc; path = "UIBarButtonItem+Extension.m"; sourceTree = "<group>"; };
		A51D7AED1CAB745900349A16 /* SearchBar.h */ = {isa = PBXFileReference; fileEncoding = 4; lastKnownFileType = sourcecode.c.h; path = SearchBar.h; sourceTree = "<group>"; };
		A51D7AEE1CAB745900349A16 /* SearchBar.m */ = {isa = PBXFileReference; fileEncoding = 4; lastKnownFileType = sourcecode.c.objc; path = SearchBar.m; sourceTree = "<group>"; };
		A52504041CACBAA800692C0F /* DropdownMenu.h */ = {isa = PBXFileReference; fileEncoding = 4; lastKnownFileType = sourcecode.c.h; path = DropdownMenu.h; sourceTree = "<group>"; };
		A52504051CACBAA800692C0F /* DropdownMenu.m */ = {isa = PBXFileReference; fileEncoding = 4; lastKnownFileType = sourcecode.c.objc; path = DropdownMenu.m; sourceTree = "<group>"; };
		A52504071CACE3BA00692C0F /* DropdownMenuTableView.h */ = {isa = PBXFileReference; fileEncoding = 4; lastKnownFileType = sourcecode.c.h; path = DropdownMenuTableView.h; sourceTree = "<group>"; };
		A52504081CACE3BA00692C0F /* DropdownMenuTableView.m */ = {isa = PBXFileReference; fileEncoding = 4; lastKnownFileType = sourcecode.c.objc; path = DropdownMenuTableView.m; sourceTree = "<group>"; };
		A525040D1CAD443200692C0F /* Tabbar.h */ = {isa = PBXFileReference; fileEncoding = 4; lastKnownFileType = sourcecode.c.h; path = Tabbar.h; sourceTree = "<group>"; };
		A525040E1CAD443200692C0F /* Tabbar.m */ = {isa = PBXFileReference; fileEncoding = 4; lastKnownFileType = sourcecode.c.objc; path = Tabbar.m; sourceTree = "<group>"; };
		A5388D3C1CA812EC0063EB9C /* DiscoverViewController.h */ = {isa = PBXFileReference; fileEncoding = 4; lastKnownFileType = sourcecode.c.h; path = DiscoverViewController.h; sourceTree = "<group>"; };
		A5388D3D1CA812EC0063EB9C /* DiscoverViewController.m */ = {isa = PBXFileReference; fileEncoding = 4; lastKnownFileType = sourcecode.c.objc; path = DiscoverViewController.m; sourceTree = "<group>"; };
		A5388D421CA812EC0063EB9C /* HomeViewController.h */ = {isa = PBXFileReference; fileEncoding = 4; lastKnownFileType = sourcecode.c.h; path = HomeViewController.h; sourceTree = "<group>"; };
		A5388D431CA812EC0063EB9C /* HomeViewController.m */ = {isa = PBXFileReference; fileEncoding = 4; lastKnownFileType = sourcecode.c.objc; path = HomeViewController.m; sourceTree = "<group>"; };
		A5388D551CA812FA0063EB9C /* MessageViewController.h */ = {isa = PBXFileReference; fileEncoding = 4; lastKnownFileType = sourcecode.c.h; path = MessageViewController.h; sourceTree = "<group>"; };
		A5388D561CA812FA0063EB9C /* MessageViewController.m */ = {isa = PBXFileReference; fileEncoding = 4; lastKnownFileType = sourcecode.c.objc; path = MessageViewController.m; sourceTree = "<group>"; };
		A5388D5A1CA812FA0063EB9C /* Test1ViewController.h */ = {isa = PBXFileReference; fileEncoding = 4; lastKnownFileType = sourcecode.c.h; path = Test1ViewController.h; sourceTree = "<group>"; };
		A5388D5B1CA812FA0063EB9C /* Test1ViewController.m */ = {isa = PBXFileReference; fileEncoding = 4; lastKnownFileType = sourcecode.c.objc; path = Test1ViewController.m; sourceTree = "<group>"; };
		A5388D5C1CA812FA0063EB9C /* Test1ViewController.xib */ = {isa = PBXFileReference; fileEncoding = 4; lastKnownFileType = file.xib; path = Test1ViewController.xib; sourceTree = "<group>"; };
		A5388D5D1CA812FA0063EB9C /* Test2ViewController.h */ = {isa = PBXFileReference; fileEncoding = 4; lastKnownFileType = sourcecode.c.h; path = Test2ViewController.h; sourceTree = "<group>"; };
		A5388D5E1CA812FA0063EB9C /* Test2ViewController.m */ = {isa = PBXFileReference; fileEncoding = 4; lastKnownFileType = sourcecode.c.objc; path = Test2ViewController.m; sourceTree = "<group>"; };
		A5388D5F1CA812FA0063EB9C /* Test2ViewController.xib */ = {isa = PBXFileReference; fileEncoding = 4; lastKnownFileType = file.xib; path = Test2ViewController.xib; sourceTree = "<group>"; };
		A5388D621CA812FA0063EB9C /* ProfileViewController.h */ = {isa = PBXFileReference; fileEncoding = 4; lastKnownFileType = sourcecode.c.h; path = ProfileViewController.h; sourceTree = "<group>"; };
		A5388D631CA812FA0063EB9C /* ProfileViewController.m */ = {isa = PBXFileReference; fileEncoding = 4; lastKnownFileType = sourcecode.c.objc; path = ProfileViewController.m; sourceTree = "<group>"; };
		A5388D981CA814730063EB9C /* UIView+Extension.h */ = {isa = PBXFileReference; fileEncoding = 4; lastKnownFileType = sourcecode.c.h; path = "UIView+Extension.h"; sourceTree = "<group>"; };
		A5388D991CA814730063EB9C /* UIView+Extension.m */ = {isa = PBXFileReference; fileEncoding = 4; lastKnownFileType = sourcecode.c.objc; path = "UIView+Extension.m"; sourceTree = "<group>"; };
		A5388D9B1CA814730063EB9C /* NavigationController.h */ = {isa = PBXFileReference; fileEncoding = 4; lastKnownFileType = sourcecode.c.h; path = NavigationController.h; sourceTree = "<group>"; };
		A5388D9C1CA814730063EB9C /* NavigationController.m */ = {isa = PBXFileReference; fileEncoding = 4; lastKnownFileType = sourcecode.c.objc; path = NavigationController.m; sourceTree = "<group>"; };
		A5388D9D1CA814730063EB9C /* TabbarController.h */ = {isa = PBXFileReference; fileEncoding = 4; lastKnownFileType = sourcecode.c.h; path = TabbarController.h; sourceTree = "<group>"; };
		A5388D9E1CA814730063EB9C /* TabbarController.m */ = {isa = PBXFileReference; fileEncoding = 4; lastKnownFileType = sourcecode.c.objc; path = TabbarController.m; sourceTree = "<group>"; };
		A5388D9F1CA814730063EB9C /* main.m */ = {isa = PBXFileReference; fileEncoding = 4; lastKnownFileType = sourcecode.c.objc; path = main.m; sourceTree = "<group>"; };
		A54B03811CAE38F400707471 /* NewFeaturesViewController.h */ = {isa = PBXFileReference; fileEncoding = 4; lastKnownFileType = sourcecode.c.h; path = NewFeaturesViewController.h; sourceTree = "<group>"; };
		A54B03821CAE38F400707471 /* NewFeaturesViewController.m */ = {isa = PBXFileReference; fileEncoding = 4; lastKnownFileType = sourcecode.c.objc; path = NewFeaturesViewController.m; sourceTree = "<group>"; };
		A5539BBD1CB118DD002C8510 /* OAuthController.h */ = {isa = PBXFileReference; fileEncoding = 4; lastKnownFileType = sourcecode.c.h; path = OAuthController.h; sourceTree = "<group>"; };
		A5539BBE1CB118DD002C8510 /* OAuthController.m */ = {isa = PBXFileReference; fileEncoding = 4; lastKnownFileType = sourcecode.c.objc; path = OAuthController.m; sourceTree = "<group>"; };
		A55912591CB53B96000578FD /* DropdownButton.h */ = {isa = PBXFileReference; fileEncoding = 4; lastKnownFileType = sourcecode.c.h; path = DropdownButton.h; sourceTree = "<group>"; };
		A559125A1CB53B96000578FD /* DropdownButton.m */ = {isa = PBXFileReference; fileEncoding = 4; lastKnownFileType = sourcecode.c.objc; path = DropdownButton.m; sourceTree = "<group>"; };
		A56CDB941CB37D4F00CE660B /* AFHTTPSessionManager.h */ = {isa = PBXFileReference; fileEncoding = 4; lastKnownFileType = sourcecode.c.h; path = AFHTTPSessionManager.h; sourceTree = "<group>"; };
		A56CDB951CB37D4F00CE660B /* AFHTTPSessionManager.m */ = {isa = PBXFileReference; fileEncoding = 4; lastKnownFileType = sourcecode.c.objc; path = AFHTTPSessionManager.m; sourceTree = "<group>"; };
		A56CDB961CB37D4F00CE660B /* AFNetworking.h */ = {isa = PBXFileReference; fileEncoding = 4; lastKnownFileType = sourcecode.c.h; path = AFNetworking.h; sourceTree = "<group>"; };
		A56CDB971CB37D4F00CE660B /* AFNetworkReachabilityManager.h */ = {isa = PBXFileReference; fileEncoding = 4; lastKnownFileType = sourcecode.c.h; path = AFNetworkReachabilityManager.h; sourceTree = "<group>"; };
		A56CDB981CB37D4F00CE660B /* AFNetworkReachabilityManager.m */ = {isa = PBXFileReference; fileEncoding = 4; lastKnownFileType = sourcecode.c.objc; path = AFNetworkReachabilityManager.m; sourceTree = "<group>"; };
		A56CDB991CB37D4F00CE660B /* AFSecurityPolicy.h */ = {isa = PBXFileReference; fileEncoding = 4; lastKnownFileType = sourcecode.c.h; path = AFSecurityPolicy.h; sourceTree = "<group>"; };
		A56CDB9A1CB37D4F00CE660B /* AFSecurityPolicy.m */ = {isa = PBXFileReference; fileEncoding = 4; lastKnownFileType = sourcecode.c.objc; path = AFSecurityPolicy.m; sourceTree = "<group>"; };
		A56CDB9B1CB37D4F00CE660B /* AFURLRequestSerialization.h */ = {isa = PBXFileReference; fileEncoding = 4; lastKnownFileType = sourcecode.c.h; path = AFURLRequestSerialization.h; sourceTree = "<group>"; };
		A56CDB9C1CB37D4F00CE660B /* AFURLRequestSerialization.m */ = {isa = PBXFileReference; fileEncoding = 4; lastKnownFileType = sourcecode.c.objc; path = AFURLRequestSerialization.m; sourceTree = "<group>"; };
		A56CDB9D1CB37D4F00CE660B /* AFURLResponseSerialization.h */ = {isa = PBXFileReference; fileEncoding = 4; lastKnownFileType = sourcecode.c.h; path = AFURLResponseSerialization.h; sourceTree = "<group>"; };
		A56CDB9E1CB37D4F00CE660B /* AFURLResponseSerialization.m */ = {isa = PBXFileReference; fileEncoding = 4; lastKnownFileType = sourcecode.c.objc; path = AFURLResponseSerialization.m; sourceTree = "<group>"; };
		A56CDB9F1CB37D4F00CE660B /* AFURLSessionManager.h */ = {isa = PBXFileReference; fileEncoding = 4; lastKnownFileType = sourcecode.c.h; path = AFURLSessionManager.h; sourceTree = "<group>"; };
		A56CDBA01CB37D4F00CE660B /* AFURLSessionManager.m */ = {isa = PBXFileReference; fileEncoding = 4; lastKnownFileType = sourcecode.c.objc; path = AFURLSessionManager.m; sourceTree = "<group>"; };
		A56CDBA81CB3A00100CE660B /* Account.h */ = {isa = PBXFileReference; fileEncoding = 4; lastKnownFileType = sourcecode.c.h; path = Account.h; sourceTree = "<group>"; };
		A56CDBA91CB3A00100CE660B /* Account.m */ = {isa = PBXFileReference; fileEncoding = 4; lastKnownFileType = sourcecode.c.objc; path = Account.m; sourceTree = "<group>"; };
		A56CDBAC1CB3AB9700CE660B /* AccountTool.h */ = {isa = PBXFileReference; fileEncoding = 4; lastKnownFileType = sourcecode.c.h; path = AccountTool.h; sourceTree = "<group>"; };
		A56CDBAD1CB3AB9700CE660B /* AccountTool.m */ = {isa = PBXFileReference; fileEncoding = 4; lastKnownFileType = sourcecode.c.objc; path = AccountTool.m; sourceTree = "<group>"; };
		A56CDBD51CB3EBB800CE660B /* UIWindow+Extension.h */ = {isa = PBXFileReference; fileEncoding = 4; lastKnownFileType = sourcecode.c.h; path = "UIWindow+Extension.h"; sourceTree = "<group>"; };
		A56CDBD61CB3EBB800CE660B /* UIWindow+Extension.m */ = {isa = PBXFileReference; fileEncoding = 4; lastKnownFileType = sourcecode.c.objc; path = "UIWindow+Extension.m"; sourceTree = "<group>"; };
		A56CDBD81CB3F6F500CE660B /* NSArray+Log.h */ = {isa = PBXFileReference; fileEncoding = 4; lastKnownFileType = sourcecode.c.h; name = "NSArray+Log.h"; path = "../../../../../../Desktop/第三方框架/Log（调试中文显示/NSArray+Log.h"; sourceTree = "<group>"; };
		A56CDBD91CB3F6F500CE660B /* NSArray+Log.m */ = {isa = PBXFileReference; fileEncoding = 4; lastKnownFileType = sourcecode.c.objc; name = "NSArray+Log.m"; path = "../../../../../../Desktop/第三方框架/Log（调试中文显示/NSArray+Log.m"; sourceTree = "<group>"; };
		A570F8051CB6407200D69277 /* MKAnnotationView+WebCache.h */ = {isa = PBXFileReference; fileEncoding = 4; lastKnownFileType = sourcecode.c.h; path = "MKAnnotationView+WebCache.h"; sourceTree = "<group>"; };
		A570F8061CB6407200D69277 /* MKAnnotationView+WebCache.m */ = {isa = PBXFileReference; fileEncoding = 4; lastKnownFileType = sourcecode.c.objc; path = "MKAnnotationView+WebCache.m"; sourceTree = "<group>"; };
		A570F8071CB6407200D69277 /* NSData+ImageContentType.h */ = {isa = PBXFileReference; fileEncoding = 4; lastKnownFileType = sourcecode.c.h; path = "NSData+ImageContentType.h"; sourceTree = "<group>"; };
		A570F8081CB6407200D69277 /* NSData+ImageContentType.m */ = {isa = PBXFileReference; fileEncoding = 4; lastKnownFileType = sourcecode.c.objc; path = "NSData+ImageContentType.m"; sourceTree = "<group>"; };
		A570F8091CB6407200D69277 /* SDImageCache.h */ = {isa = PBXFileReference; fileEncoding = 4; lastKnownFileType = sourcecode.c.h; path = SDImageCache.h; sourceTree = "<group>"; };
		A570F80A1CB6407200D69277 /* SDImageCache.m */ = {isa = PBXFileReference; fileEncoding = 4; lastKnownFileType = sourcecode.c.objc; path = SDImageCache.m; sourceTree = "<group>"; };
		A570F80B1CB6407200D69277 /* SDWebImageCompat.h */ = {isa = PBXFileReference; fileEncoding = 4; lastKnownFileType = sourcecode.c.h; path = SDWebImageCompat.h; sourceTree = "<group>"; };
		A570F80C1CB6407200D69277 /* SDWebImageCompat.m */ = {isa = PBXFileReference; fileEncoding = 4; lastKnownFileType = sourcecode.c.objc; path = SDWebImageCompat.m; sourceTree = "<group>"; };
		A570F80D1CB6407200D69277 /* SDWebImageDecoder.h */ = {isa = PBXFileReference; fileEncoding = 4; lastKnownFileType = sourcecode.c.h; path = SDWebImageDecoder.h; sourceTree = "<group>"; };
		A570F80E1CB6407200D69277 /* SDWebImageDecoder.m */ = {isa = PBXFileReference; fileEncoding = 4; lastKnownFileType = sourcecode.c.objc; path = SDWebImageDecoder.m; sourceTree = "<group>"; };
		A570F80F1CB6407200D69277 /* SDWebImageDownloader.h */ = {isa = PBXFileReference; fileEncoding = 4; lastKnownFileType = sourcecode.c.h; path = SDWebImageDownloader.h; sourceTree = "<group>"; };
		A570F8101CB6407200D69277 /* SDWebImageDownloader.m */ = {isa = PBXFileReference; fileEncoding = 4; lastKnownFileType = sourcecode.c.objc; path = SDWebImageDownloader.m; sourceTree = "<group>"; };
		A570F8111CB6407200D69277 /* SDWebImageDownloaderOperation.h */ = {isa = PBXFileReference; fileEncoding = 4; lastKnownFileType = sourcecode.c.h; path = SDWebImageDownloaderOperation.h; sourceTree = "<group>"; };
		A570F8121CB6407200D69277 /* SDWebImageDownloaderOperation.m */ = {isa = PBXFileReference; fileEncoding = 4; lastKnownFileType = sourcecode.c.objc; path = SDWebImageDownloaderOperation.m; sourceTree = "<group>"; };
		A570F8131CB6407200D69277 /* SDWebImageManager.h */ = {isa = PBXFileReference; fileEncoding = 4; lastKnownFileType = sourcecode.c.h; path = SDWebImageManager.h; sourceTree = "<group>"; };
		A570F8141CB6407200D69277 /* SDWebImageManager.m */ = {isa = PBXFileReference; fileEncoding = 4; lastKnownFileType = sourcecode.c.objc; path = SDWebImageManager.m; sourceTree = "<group>"; };
		A570F8151CB6407200D69277 /* SDWebImageOperation.h */ = {isa = PBXFileReference; fileEncoding = 4; lastKnownFileType = sourcecode.c.h; path = SDWebImageOperation.h; sourceTree = "<group>"; };
		A570F8161CB6407200D69277 /* SDWebImagePrefetcher.h */ = {isa = PBXFileReference; fileEncoding = 4; lastKnownFileType = sourcecode.c.h; path = SDWebImagePrefetcher.h; sourceTree = "<group>"; };
		A570F8171CB6407200D69277 /* SDWebImagePrefetcher.m */ = {isa = PBXFileReference; fileEncoding = 4; lastKnownFileType = sourcecode.c.objc; path = SDWebImagePrefetcher.m; sourceTree = "<group>"; };
		A570F8181CB6407200D69277 /* UIButton+WebCache.h */ = {isa = PBXFileReference; fileEncoding = 4; lastKnownFileType = sourcecode.c.h; path = "UIButton+WebCache.h"; sourceTree = "<group>"; };
		A570F8191CB6407200D69277 /* UIButton+WebCache.m */ = {isa = PBXFileReference; fileEncoding = 4; lastKnownFileType = sourcecode.c.objc; path = "UIButton+WebCache.m"; sourceTree = "<group>"; };
		A570F81A1CB6407200D69277 /* UIImage+GIF.h */ = {isa = PBXFileReference; fileEncoding = 4; lastKnownFileType = sourcecode.c.h; path = "UIImage+GIF.h"; sourceTree = "<group>"; };
		A570F81B1CB6407200D69277 /* UIImage+GIF.m */ = {isa = PBXFileReference; fileEncoding = 4; lastKnownFileType = sourcecode.c.objc; path = "UIImage+GIF.m"; sourceTree = "<group>"; };
		A570F81C1CB6407200D69277 /* UIImage+MultiFormat.h */ = {isa = PBXFileReference; fileEncoding = 4; lastKnownFileType = sourcecode.c.h; path = "UIImage+MultiFormat.h"; sourceTree = "<group>"; };
		A570F81D1CB6407200D69277 /* UIImage+MultiFormat.m */ = {isa = PBXFileReference; fileEncoding = 4; lastKnownFileType = sourcecode.c.objc; path = "UIImage+MultiFormat.m"; sourceTree = "<group>"; };
		A570F81E1CB6407200D69277 /* UIImage+WebP.h */ = {isa = PBXFileReference; fileEncoding = 4; lastKnownFileType = sourcecode.c.h; path = "UIImage+WebP.h"; sourceTree = "<group>"; };
		A570F81F1CB6407200D69277 /* UIImage+WebP.m */ = {isa = PBXFileReference; fileEncoding = 4; lastKnownFileType = sourcecode.c.objc; path = "UIImage+WebP.m"; sourceTree = "<group>"; };
		A570F8201CB6407200D69277 /* UIImageView+HighlightedWebCache.h */ = {isa = PBXFileReference; fileEncoding = 4; lastKnownFileType = sourcecode.c.h; path = "UIImageView+HighlightedWebCache.h"; sourceTree = "<group>"; };
		A570F8211CB6407200D69277 /* UIImageView+HighlightedWebCache.m */ = {isa = PBXFileReference; fileEncoding = 4; lastKnownFileType = sourcecode.c.objc; path = "UIImageView+HighlightedWebCache.m"; sourceTree = "<group>"; };
		A570F8221CB6407200D69277 /* UIImageView+WebCache.h */ = {isa = PBXFileReference; fileEncoding = 4; lastKnownFileType = sourcecode.c.h; path = "UIImageView+WebCache.h"; sourceTree = "<group>"; };
		A570F8231CB6407200D69277 /* UIImageView+WebCache.m */ = {isa = PBXFileReference; fileEncoding = 4; lastKnownFileType = sourcecode.c.objc; path = "UIImageView+WebCache.m"; sourceTree = "<group>"; };
		A570F8241CB6407200D69277 /* UIView+WebCacheOperation.h */ = {isa = PBXFileReference; fileEncoding = 4; lastKnownFileType = sourcecode.c.h; path = "UIView+WebCacheOperation.h"; sourceTree = "<group>"; };
		A570F8251CB6407200D69277 /* UIView+WebCacheOperation.m */ = {isa = PBXFileReference; fileEncoding = 4; lastKnownFileType = sourcecode.c.objc; path = "UIView+WebCacheOperation.m"; sourceTree = "<group>"; };
		A570F8361CB6499B00D69277 /* Status.h */ = {isa = PBXFileReference; fileEncoding = 4; lastKnownFileType = sourcecode.c.h; path = Status.h; sourceTree = "<group>"; };
		A570F8371CB6499B00D69277 /* Status.m */ = {isa = PBXFileReference; fileEncoding = 4; lastKnownFileType = sourcecode.c.objc; path = Status.m; sourceTree = "<group>"; };
		A570F8391CB649AA00D69277 /* User.h */ = {isa = PBXFileReference; fileEncoding = 4; lastKnownFileType = sourcecode.c.h; path = User.h; sourceTree = "<group>"; };
		A570F83A1CB649AA00D69277 /* User.m */ = {isa = PBXFileReference; fileEncoding = 4; lastKnownFileType = sourcecode.c.objc; path = User.m; sourceTree = "<group>"; };
		A5A0A8FA1CA2C8A900BB061D /* weiboUI-01.app */ = {isa = PBXFileReference; explicitFileType = wrapper.application; includeInIndex = 0; path = "weiboUI-01.app"; sourceTree = BUILT_PRODUCTS_DIR; };
		A5A0A9091CA2C8A900BB061D /* Assets.xcassets */ = {isa = PBXFileReference; lastKnownFileType = folder.assetcatalog; path = Assets.xcassets; sourceTree = "<group>"; };
		A5A0A90C1CA2C8A900BB061D /* Base */ = {isa = PBXFileReference; lastKnownFileType = file.storyboard; name = Base; path = Base.lproj/LaunchScreen.storyboard; sourceTree = "<group>"; };
		A5A0A90E1CA2C8A900BB061D /* Info.plist */ = {isa = PBXFileReference; lastKnownFileType = text.plist.xml; path = Info.plist; sourceTree = "<group>"; };
/* End PBXFileReference section */

/* Begin PBXFrameworksBuildPhase section */
		A5A0A8F71CA2C8A900BB061D /* Frameworks */ = {
			isa = PBXFrameworksBuildPhase;
			buildActionMask = 2147483647;
			files = (
			);
			runOnlyForDeploymentPostprocessing = 0;
		};
/* End PBXFrameworksBuildPhase section */

/* Begin PBXGroup section */
		A50802DD1CA3E5B60022FF8D /* Classes */ = {
			isa = PBXGroup;
			children = (
				A5539BBB1CB118C5002C8510 /* OAuth(授权) */,
				A54B03791CAE37BC00707471 /* NewFeatures(新特性) */,
				A5388D961CA814730063EB9C /* Main(通用) */,
				A5388D531CA812FA0063EB9C /* Message(消息) */,
				A5388D591CA812FA0063EB9C /* Others */,
				A5388D601CA812FA0063EB9C /* Profile(我) */,
				A5388D3A1CA812EC0063EB9C /* Discover(发现) */,
				A5388D401CA812EC0063EB9C /* Home(主页) */,
				A50802DE1CA3E5B60022FF8D /* AppDelegate.h */,
				A50802DF1CA3E5B60022FF8D /* AppDelegate.m */,
				A50802E21CA3E7DB0022FF8D /* PrefixHeader.pch */,
			);
			path = Classes;
			sourceTree = "<group>";
		};
		A5388D3A1CA812EC0063EB9C /* Discover(发现) */ = {
			isa = PBXGroup;
			children = (
				A5388D3B1CA812EC0063EB9C /* Controllers */,
				A5388D3E1CA812EC0063EB9C /* Models */,
				A5388D3F1CA812EC0063EB9C /* Views */,
			);
			name = "Discover(发现)";
			path = "新浪微博UI框架01/Discover(发现)";
			sourceTree = SOURCE_ROOT;
		};
		A5388D3B1CA812EC0063EB9C /* Controllers */ = {
			isa = PBXGroup;
			children = (
				A5388D3C1CA812EC0063EB9C /* DiscoverViewController.h */,
				A5388D3D1CA812EC0063EB9C /* DiscoverViewController.m */,
			);
			path = Controllers;
			sourceTree = "<group>";
		};
		A5388D3E1CA812EC0063EB9C /* Models */ = {
			isa = PBXGroup;
			children = (
			);
			path = Models;
			sourceTree = "<group>";
		};
		A5388D3F1CA812EC0063EB9C /* Views */ = {
			isa = PBXGroup;
			children = (
			);
			path = Views;
			sourceTree = "<group>";
		};
		A5388D401CA812EC0063EB9C /* Home(主页) */ = {
			isa = PBXGroup;
			children = (
				A5388D411CA812EC0063EB9C /* Controllers */,
				A5388D441CA812EC0063EB9C /* Models */,
				A5388D451CA812EC0063EB9C /* Views */,
			);
			name = "Home(主页)";
			path = "新浪微博UI框架01/Home(主页)";
			sourceTree = SOURCE_ROOT;
		};
		A5388D411CA812EC0063EB9C /* Controllers */ = {
			isa = PBXGroup;
			children = (
				A5388D421CA812EC0063EB9C /* HomeViewController.h */,
				A5388D431CA812EC0063EB9C /* HomeViewController.m */,
			);
			path = Controllers;
			sourceTree = "<group>";
		};
		A5388D441CA812EC0063EB9C /* Models */ = {
			isa = PBXGroup;
			children = (
				A570F8361CB6499B00D69277 /* Status.h */,
				A570F8371CB6499B00D69277 /* Status.m */,
				A570F8391CB649AA00D69277 /* User.h */,
				A570F83A1CB649AA00D69277 /* User.m */,
			);
			path = Models;
			sourceTree = "<group>";
		};
		A5388D451CA812EC0063EB9C /* Views */ = {
			isa = PBXGroup;
			children = (
				A52504071CACE3BA00692C0F /* DropdownMenuTableView.h */,
				A52504081CACE3BA00692C0F /* DropdownMenuTableView.m */,
				A55912591CB53B96000578FD /* DropdownButton.h */,
				A559125A1CB53B96000578FD /* DropdownButton.m */,
			);
			path = Views;
			sourceTree = "<group>";
		};
		A5388D531CA812FA0063EB9C /* Message(消息) */ = {
			isa = PBXGroup;
			children = (
				A5388D541CA812FA0063EB9C /* Controllers */,
				A5388D571CA812FA0063EB9C /* Models */,
				A5388D581CA812FA0063EB9C /* Views */,
			);
			name = "Message(消息)";
			path = "新浪微博UI框架01/Message(消息)";
			sourceTree = SOURCE_ROOT;
		};
		A5388D541CA812FA0063EB9C /* Controllers */ = {
			isa = PBXGroup;
			children = (
				A5388D551CA812FA0063EB9C /* MessageViewController.h */,
				A5388D561CA812FA0063EB9C /* MessageViewController.m */,
			);
			path = Controllers;
			sourceTree = "<group>";
		};
		A5388D571CA812FA0063EB9C /* Models */ = {
			isa = PBXGroup;
			children = (
			);
			path = Models;
			sourceTree = "<group>";
		};
		A5388D581CA812FA0063EB9C /* Views */ = {
			isa = PBXGroup;
			children = (
			);
			path = Views;
			sourceTree = "<group>";
		};
		A5388D591CA812FA0063EB9C /* Others */ = {
			isa = PBXGroup;
			children = (
				A5388D5A1CA812FA0063EB9C /* Test1ViewController.h */,
				A5388D5B1CA812FA0063EB9C /* Test1ViewController.m */,
				A5388D5C1CA812FA0063EB9C /* Test1ViewController.xib */,
				A5388D5D1CA812FA0063EB9C /* Test2ViewController.h */,
				A5388D5E1CA812FA0063EB9C /* Test2ViewController.m */,
				A5388D5F1CA812FA0063EB9C /* Test2ViewController.xib */,
			);
			name = Others;
			path = "新浪微博UI框架01/Others";
			sourceTree = SOURCE_ROOT;
		};
		A5388D601CA812FA0063EB9C /* Profile(我) */ = {
			isa = PBXGroup;
			children = (
				A5388D611CA812FA0063EB9C /* Controllers */,
				A5388D641CA812FA0063EB9C /* Models */,
				A5388D651CA812FA0063EB9C /* Views */,
			);
			name = "Profile(我)";
			path = "新浪微博UI框架01/Profile(我)";
			sourceTree = SOURCE_ROOT;
		};
		A5388D611CA812FA0063EB9C /* Controllers */ = {
			isa = PBXGroup;
			children = (
				A5388D621CA812FA0063EB9C /* ProfileViewController.h */,
				A5388D631CA812FA0063EB9C /* ProfileViewController.m */,
			);
			path = Controllers;
			sourceTree = "<group>";
		};
		A5388D641CA812FA0063EB9C /* Models */ = {
			isa = PBXGroup;
			children = (
			);
			path = Models;
			sourceTree = "<group>";
		};
		A5388D651CA812FA0063EB9C /* Views */ = {
			isa = PBXGroup;
			children = (
			);
			path = Views;
			sourceTree = "<group>";
		};
		A5388D961CA814730063EB9C /* Main(通用) */ = {
			isa = PBXGroup;
			children = (
				A56CDB921CB37D4000CE660B /* Libs */,
				A5388D971CA814730063EB9C /* Category */,
				A5388D9A1CA814730063EB9C /* Controllers */,
				A5388D9F1CA814730063EB9C /* main.m */,
				A5388DA01CA814730063EB9C /* Models */,
				A5388DA11CA814730063EB9C /* Views */,
			);
			name = "Main(通用)";
			path = "新浪微博UI框架01/Main(通用)";
			sourceTree = SOURCE_ROOT;
		};
		A5388D971CA814730063EB9C /* Category */ = {
			isa = PBXGroup;
			children = (
				A5388D981CA814730063EB9C /* UIView+Extension.h */,
				A5388D991CA814730063EB9C /* UIView+Extension.m */,
				A51978101CAA9BE100787C5A /* UIBarButtonItem+Extension.h */,
				A51978111CAA9BE100787C5A /* UIBarButtonItem+Extension.m */,
				A56CDBD51CB3EBB800CE660B /* UIWindow+Extension.h */,
				A56CDBD61CB3EBB800CE660B /* UIWindow+Extension.m */,
			);
			path = Category;
			sourceTree = "<group>";
		};
		A5388D9A1CA814730063EB9C /* Controllers */ = {
			isa = PBXGroup;
			children = (
				A5388D9B1CA814730063EB9C /* NavigationController.h */,
				A5388D9C1CA814730063EB9C /* NavigationController.m */,
				A5388D9D1CA814730063EB9C /* TabbarController.h */,
				A5388D9E1CA814730063EB9C /* TabbarController.m */,
			);
			path = Controllers;
			sourceTree = "<group>";
		};
		A5388DA01CA814730063EB9C /* Models */ = {
			isa = PBXGroup;
			children = (
			);
			path = Models;
			sourceTree = "<group>";
		};
		A5388DA11CA814730063EB9C /* Views */ = {
			isa = PBXGroup;
			children = (
				A51D7AED1CAB745900349A16 /* SearchBar.h */,
				A51D7AEE1CAB745900349A16 /* SearchBar.m */,
				A52504041CACBAA800692C0F /* DropdownMenu.h */,
				A52504051CACBAA800692C0F /* DropdownMenu.m */,
				A525040D1CAD443200692C0F /* Tabbar.h */,
				A525040E1CAD443200692C0F /* Tabbar.m */,
			);
			path = Views;
			sourceTree = "<group>";
		};
		A54B03791CAE37BC00707471 /* NewFeatures(新特性) */ = {
			isa = PBXGroup;
			children = (
				A54B037A1CAE37BC00707471 /* Controllers */,
			);
			name = "NewFeatures(新特性)";
			path = "新浪微博UI框架01/NewFeatures(新特性)";
			sourceTree = SOURCE_ROOT;
		};
		A54B037A1CAE37BC00707471 /* Controllers */ = {
			isa = PBXGroup;
			children = (
				A54B03811CAE38F400707471 /* NewFeaturesViewController.h */,
				A54B03821CAE38F400707471 /* NewFeaturesViewController.m */,
			);
			path = Controllers;
			sourceTree = "<group>";
		};
		A5539BBB1CB118C5002C8510 /* OAuth(授权) */ = {
			isa = PBXGroup;
			children = (
				A56CDBAB1CB3AB8300CE660B /* Tool */,
				A56CDBA71CB39FEA00CE660B /* Model */,
				A5539BBC1CB118C5002C8510 /* Controllers */,
			);
			name = "OAuth(授权)";
			path = "新浪微博UI框架01/OAuth(授权)";
			sourceTree = SOURCE_ROOT;
		};
		A5539BBC1CB118C5002C8510 /* Controllers */ = {
			isa = PBXGroup;
			children = (
				A5539BBD1CB118DD002C8510 /* OAuthController.h */,
				A5539BBE1CB118DD002C8510 /* OAuthController.m */,
			);
			path = Controllers;
			sourceTree = "<group>";
		};
		A56CDB921CB37D4000CE660B /* Libs */ = {
			isa = PBXGroup;
			children = (
				A56CDBD81CB3F6F500CE660B /* NSArray+Log.h */,
				A56CDBD91CB3F6F500CE660B /* NSArray+Log.m */,
				A570F8041CB6407200D69277 /* SDWebImage */,
				A56CDB931CB37D4F00CE660B /* AFNetworking */,
			);
			path = Libs;
			sourceTree = "<group>";
		};
		A56CDB931CB37D4F00CE660B /* AFNetworking */ = {
			isa = PBXGroup;
			children = (
				A56CDB941CB37D4F00CE660B /* AFHTTPSessionManager.h */,
				A56CDB951CB37D4F00CE660B /* AFHTTPSessionManager.m */,
				A56CDB961CB37D4F00CE660B /* AFNetworking.h */,
				A56CDB971CB37D4F00CE660B /* AFNetworkReachabilityManager.h */,
				A56CDB981CB37D4F00CE660B /* AFNetworkReachabilityManager.m */,
				A56CDB991CB37D4F00CE660B /* AFSecurityPolicy.h */,
				A56CDB9A1CB37D4F00CE660B /* AFSecurityPolicy.m */,
				A56CDB9B1CB37D4F00CE660B /* AFURLRequestSerialization.h */,
				A56CDB9C1CB37D4F00CE660B /* AFURLRequestSerialization.m */,
				A56CDB9D1CB37D4F00CE660B /* AFURLResponseSerialization.h */,
				A56CDB9E1CB37D4F00CE660B /* AFURLResponseSerialization.m */,
				A56CDB9F1CB37D4F00CE660B /* AFURLSessionManager.h */,
				A56CDBA01CB37D4F00CE660B /* AFURLSessionManager.m */,
			);
			name = AFNetworking;
			path = "../../../../../../Desktop/第三方框架/AFNetworking-master/AFNetworking";
			sourceTree = "<group>";
		};
		A56CDBA71CB39FEA00CE660B /* Model */ = {
			isa = PBXGroup;
			children = (
				A56CDBA81CB3A00100CE660B /* Account.h */,
				A56CDBA91CB3A00100CE660B /* Account.m */,
			);
			path = Model;
			sourceTree = "<group>";
		};
		A56CDBAB1CB3AB8300CE660B /* Tool */ = {
			isa = PBXGroup;
			children = (
				A56CDBAC1CB3AB9700CE660B /* AccountTool.h */,
				A56CDBAD1CB3AB9700CE660B /* AccountTool.m */,
			);
			path = Tool;
			sourceTree = "<group>";
		};
		A570F8041CB6407200D69277 /* SDWebImage */ = {
			isa = PBXGroup;
			children = (
				A570F8051CB6407200D69277 /* MKAnnotationView+WebCache.h */,
				A570F8061CB6407200D69277 /* MKAnnotationView+WebCache.m */,
				A570F8071CB6407200D69277 /* NSData+ImageContentType.h */,
				A570F8081CB6407200D69277 /* NSData+ImageContentType.m */,
				A570F8091CB6407200D69277 /* SDImageCache.h */,
				A570F80A1CB6407200D69277 /* SDImageCache.m */,
				A570F80B1CB6407200D69277 /* SDWebImageCompat.h */,
				A570F80C1CB6407200D69277 /* SDWebImageCompat.m */,
				A570F80D1CB6407200D69277 /* SDWebImageDecoder.h */,
				A570F80E1CB6407200D69277 /* SDWebImageDecoder.m */,
				A570F80F1CB6407200D69277 /* SDWebImageDownloader.h */,
				A570F8101CB6407200D69277 /* SDWebImageDownloader.m */,
				A570F8111CB6407200D69277 /* SDWebImageDownloaderOperation.h */,
				A570F8121CB6407200D69277 /* SDWebImageDownloaderOperation.m */,
				A570F8131CB6407200D69277 /* SDWebImageManager.h */,
				A570F8141CB6407200D69277 /* SDWebImageManager.m */,
				A570F8151CB6407200D69277 /* SDWebImageOperation.h */,
				A570F8161CB6407200D69277 /* SDWebImagePrefetcher.h */,
				A570F8171CB6407200D69277 /* SDWebImagePrefetcher.m */,
				A570F8181CB6407200D69277 /* UIButton+WebCache.h */,
				A570F8191CB6407200D69277 /* UIButton+WebCache.m */,
				A570F81A1CB6407200D69277 /* UIImage+GIF.h */,
				A570F81B1CB6407200D69277 /* UIImage+GIF.m */,
				A570F81C1CB6407200D69277 /* UIImage+MultiFormat.h */,
				A570F81D1CB6407200D69277 /* UIImage+MultiFormat.m */,
				A570F81E1CB6407200D69277 /* UIImage+WebP.h */,
				A570F81F1CB6407200D69277 /* UIImage+WebP.m */,
				A570F8201CB6407200D69277 /* UIImageView+HighlightedWebCache.h */,
				A570F8211CB6407200D69277 /* UIImageView+HighlightedWebCache.m */,
				A570F8221CB6407200D69277 /* UIImageView+WebCache.h */,
				A570F8231CB6407200D69277 /* UIImageView+WebCache.m */,
				A570F8241CB6407200D69277 /* UIView+WebCacheOperation.h */,
				A570F8251CB6407200D69277 /* UIView+WebCacheOperation.m */,
			);
			name = SDWebImage;
			path = "../../../../../../Desktop/第三方框架/SDWebImage-master/SDWebImage";
			sourceTree = "<group>";
		};
		A5A0A8F11CA2C8A900BB061D = {
			isa = PBXGroup;
			children = (
				A5A0A8FC1CA2C8A900BB061D /* 新浪微博UI框架01 */,
				A5A0A8FB1CA2C8A900BB061D /* Products */,
			);
			sourceTree = "<group>";
		};
		A5A0A8FB1CA2C8A900BB061D /* Products */ = {
			isa = PBXGroup;
			children = (
				A5A0A8FA1CA2C8A900BB061D /* weiboUI-01.app */,
			);
			name = Products;
			sourceTree = "<group>";
		};
		A5A0A8FC1CA2C8A900BB061D /* 新浪微博UI框架01 */ = {
			isa = PBXGroup;
			children = (
				A50802DD1CA3E5B60022FF8D /* Classes */,
				A5A0A8FD1CA2C8A900BB061D /* Supporting Files */,
			);
			path = "新浪微博UI框架01";
			sourceTree = "<group>";
		};
		A5A0A8FD1CA2C8A900BB061D /* Supporting Files */ = {
			isa = PBXGroup;
			children = (
				A5A0A9091CA2C8A900BB061D /* Assets.xcassets */,
				A5A0A90B1CA2C8A900BB061D /* LaunchScreen.storyboard */,
				A5A0A90E1CA2C8A900BB061D /* Info.plist */,
			);
			name = "Supporting Files";
			sourceTree = "<group>";
		};
/* End PBXGroup section */

/* Begin PBXNativeTarget section */
		A5A0A8F91CA2C8A900BB061D /* 新浪微博UI框架01 */ = {
			isa = PBXNativeTarget;
			buildConfigurationList = A5A0A9111CA2C8A900BB061D /* Build configuration list for PBXNativeTarget "新浪微博UI框架01" */;
			buildPhases = (
				A5A0A8F61CA2C8A900BB061D /* Sources */,
				A5A0A8F71CA2C8A900BB061D /* Frameworks */,
				A5A0A8F81CA2C8A900BB061D /* Resources */,
			);
			buildRules = (
			);
			dependencies = (
			);
			name = "新浪微博UI框架01";
			productName = "新浪微博UI框架01";
			productReference = A5A0A8FA1CA2C8A900BB061D /* weiboUI-01.app */;
			productType = "com.apple.product-type.application";
		};
/* End PBXNativeTarget section */

/* Begin PBXProject section */
		A5A0A8F21CA2C8A900BB061D /* Project object */ = {
			isa = PBXProject;
			attributes = {
				LastUpgradeCheck = 0710;
				ORGANIZATIONNAME = labixiaoxin1019;
				TargetAttributes = {
					A5A0A8F91CA2C8A900BB061D = {
						CreatedOnToolsVersion = 7.1.1;
					};
				};
			};
			buildConfigurationList = A5A0A8F51CA2C8A900BB061D /* Build configuration list for PBXProject "新浪微博UI框架01" */;
			compatibilityVersion = "Xcode 3.2";
			developmentRegion = English;
			hasScannedForEncodings = 0;
			knownRegions = (
				en,
				Base,
			);
			mainGroup = A5A0A8F11CA2C8A900BB061D;
			productRefGroup = A5A0A8FB1CA2C8A900BB061D /* Products */;
			projectDirPath = "";
			projectRoot = "";
			targets = (
				A5A0A8F91CA2C8A900BB061D /* 新浪微博UI框架01 */,
			);
		};
/* End PBXProject section */

/* Begin PBXResourcesBuildPhase section */
		A5A0A8F81CA2C8A900BB061D /* Resources */ = {
			isa = PBXResourcesBuildPhase;
			buildActionMask = 2147483647;
			files = (
				A5A0A90D1CA2C8A900BB061D /* LaunchScreen.storyboard in Resources */,
				A5388D6D1CA812FA0063EB9C /* Test2ViewController.xib in Resources */,
				A5A0A90A1CA2C8A900BB061D /* Assets.xcassets in Resources */,
				A5388D6B1CA812FA0063EB9C /* Test1ViewController.xib in Resources */,
			);
			runOnlyForDeploymentPostprocessing = 0;
		};
/* End PBXResourcesBuildPhase section */

/* Begin PBXSourcesBuildPhase section */
		A5A0A8F61CA2C8A900BB061D /* Sources */ = {
			isa = PBXSourcesBuildPhase;
			buildActionMask = 2147483647;
			files = (
				A52504091CACE3BA00692C0F /* DropdownMenuTableView.m in Sources */,
				A56CDBDA1CB3F6F500CE660B /* NSArray+Log.m in Sources */,
				A570F82D1CB6407200D69277 /* SDWebImageManager.m in Sources */,
				A570F82E1CB6407200D69277 /* SDWebImagePrefetcher.m in Sources */,
				A56CDBA11CB37D4F00CE660B /* AFHTTPSessionManager.m in Sources */,
				A56CDBA21CB37D4F00CE660B /* AFNetworkReachabilityManager.m in Sources */,
				A51978121CAA9BE100787C5A /* UIBarButtonItem+Extension.m in Sources */,
				A570F8381CB6499B00D69277 /* Status.m in Sources */,
				A570F83B1CB649AA00D69277 /* User.m in Sources */,
				A570F8351CB6407200D69277 /* UIView+WebCacheOperation.m in Sources */,
				A50802E01CA3E5B60022FF8D /* AppDelegate.m in Sources */,
				A570F82C1CB6407200D69277 /* SDWebImageDownloaderOperation.m in Sources */,
				A56CDBAE1CB3AB9700CE660B /* AccountTool.m in Sources */,
				A5388D461CA812EC0063EB9C /* DiscoverViewController.m in Sources */,
				A5388D6C1CA812FA0063EB9C /* Test2ViewController.m in Sources */,
				A56CDBA41CB37D4F00CE660B /* AFURLRequestSerialization.m in Sources */,
				A56CDBAA1CB3A00100CE660B /* Account.m in Sources */,
				A56CDBA31CB37D4F00CE660B /* AFSecurityPolicy.m in Sources */,
				A56CDBA61CB37D4F00CE660B /* AFURLSessionManager.m in Sources */,
				A5539BBF1CB118DD002C8510 /* OAuthController.m in Sources */,
				A56CDBD71CB3EBB800CE660B /* UIWindow+Extension.m in Sources */,
				A570F8301CB6407200D69277 /* UIImage+GIF.m in Sources */,
				A5388DA41CA814730063EB9C /* TabbarController.m in Sources */,
				A5388DA31CA814730063EB9C /* NavigationController.m in Sources */,
				A51D7AEF1CAB745900349A16 /* SearchBar.m in Sources */,
				A570F8341CB6407200D69277 /* UIImageView+WebCache.m in Sources */,
				A52504061CACBAA800692C0F /* DropdownMenu.m in Sources */,
				A570F82F1CB6407200D69277 /* UIButton+WebCache.m in Sources */,
				A570F82B1CB6407200D69277 /* SDWebImageDownloader.m in Sources */,
				A570F8321CB6407200D69277 /* UIImage+WebP.m in Sources */,
				A570F8311CB6407200D69277 /* UIImage+MultiFormat.m in Sources */,
				A559125B1CB53B96000578FD /* DropdownButton.m in Sources */,
				A5388D471CA812EC0063EB9C /* HomeViewController.m in Sources */,
				A54B03831CAE38F400707471 /* NewFeaturesViewController.m in Sources */,
				A570F8291CB6407200D69277 /* SDWebImageCompat.m in Sources */,
				A5388D6A1CA812FA0063EB9C /* Test1ViewController.m in Sources */,
				A570F82A1CB6407200D69277 /* SDWebImageDecoder.m in Sources */,
				A570F8281CB6407200D69277 /* SDImageCache.m in Sources */,
				A570F8261CB6407200D69277 /* MKAnnotationView+WebCache.m in Sources */,
				A5388D6E1CA812FA0063EB9C /* ProfileViewController.m in Sources */,
				A5388DA21CA814730063EB9C /* UIView+Extension.m in Sources */,
				A5388DA51CA814730063EB9C /* main.m in Sources */,
				A5388D691CA812FA0063EB9C /* MessageViewController.m in Sources */,
				A570F8271CB6407200D69277 /* NSData+ImageContentType.m in Sources */,
				A570F8331CB6407200D69277 /* UIImageView+HighlightedWebCache.m in Sources */,
				A525040F1CAD443200692C0F /* Tabbar.m in Sources */,
				A56CDBA51CB37D4F00CE660B /* AFURLResponseSerialization.m in Sources */,
			);
			runOnlyForDeploymentPostprocessing = 0;
		};
/* End PBXSourcesBuildPhase section */

/* Begin PBXVariantGroup section */
		A5A0A90B1CA2C8A900BB061D /* LaunchScreen.storyboard */ = {
			isa = PBXVariantGroup;
			children = (
				A5A0A90C1CA2C8A900BB061D /* Base */,
			);
			name = LaunchScreen.storyboard;
			sourceTree = "<group>";
		};
/* End PBXVariantGroup section */

/* Begin XCBuildConfiguration section */
		A5A0A90F1CA2C8A900BB061D /* Debug */ = {
			isa = XCBuildConfiguration;
			buildSettings = {
				ALWAYS_SEARCH_USER_PATHS = NO;
				CLANG_CXX_LANGUAGE_STANDARD = "gnu++0x";
				CLANG_CXX_LIBRARY = "libc++";
				CLANG_ENABLE_MODULES = YES;
				CLANG_ENABLE_OBJC_ARC = YES;
				CLANG_WARN_BOOL_CONVERSION = YES;
				CLANG_WARN_CONSTANT_CONVERSION = YES;
				CLANG_WARN_DIRECT_OBJC_ISA_USAGE = YES_ERROR;
				CLANG_WARN_EMPTY_BODY = YES;
				CLANG_WARN_ENUM_CONVERSION = YES;
				CLANG_WARN_INT_CONVERSION = YES;
				CLANG_WARN_OBJC_ROOT_CLASS = YES_ERROR;
				CLANG_WARN_UNREACHABLE_CODE = YES;
				CLANG_WARN__DUPLICATE_METHOD_MATCH = YES;
				"CODE_SIGN_IDENTITY[sdk=iphoneos*]" = "iPhone Developer";
				COPY_PHASE_STRIP = NO;
				DEBUG_INFORMATION_FORMAT = dwarf;
				ENABLE_STRICT_OBJC_MSGSEND = YES;
				ENABLE_TESTABILITY = YES;
				GCC_C_LANGUAGE_STANDARD = gnu99;
				GCC_DYNAMIC_NO_PIC = NO;
				GCC_NO_COMMON_BLOCKS = YES;
				GCC_OPTIMIZATION_LEVEL = 0;
				GCC_PREPROCESSOR_DEFINITIONS = (
					"DEBUG=1",
					"$(inherited)",
				);
				GCC_WARN_64_TO_32_BIT_CONVERSION = YES;
				GCC_WARN_ABOUT_RETURN_TYPE = YES_ERROR;
				GCC_WARN_UNDECLARED_SELECTOR = YES;
				GCC_WARN_UNINITIALIZED_AUTOS = YES_AGGRESSIVE;
				GCC_WARN_UNUSED_FUNCTION = YES;
				GCC_WARN_UNUSED_VARIABLE = YES;
				IPHONEOS_DEPLOYMENT_TARGET = 9.1;
				MTL_ENABLE_DEBUG_INFO = YES;
				ONLY_ACTIVE_ARCH = YES;
				SDKROOT = iphoneos;
			};
			name = Debug;
		};
		A5A0A9101CA2C8A900BB061D /* Release */ = {
			isa = XCBuildConfiguration;
			buildSettings = {
				ALWAYS_SEARCH_USER_PATHS = NO;
				CLANG_CXX_LANGUAGE_STANDARD = "gnu++0x";
				CLANG_CXX_LIBRARY = "libc++";
				CLANG_ENABLE_MODULES = YES;
				CLANG_ENABLE_OBJC_ARC = YES;
				CLANG_WARN_BOOL_CONVERSION = YES;
				CLANG_WARN_CONSTANT_CONVERSION = YES;
				CLANG_WARN_DIRECT_OBJC_ISA_USAGE = YES_ERROR;
				CLANG_WARN_EMPTY_BODY = YES;
				CLANG_WARN_ENUM_CONVERSION = YES;
				CLANG_WARN_INT_CONVERSION = YES;
				CLANG_WARN_OBJC_ROOT_CLASS = YES_ERROR;
				CLANG_WARN_UNREACHABLE_CODE = YES;
				CLANG_WARN__DUPLICATE_METHOD_MATCH = YES;
				"CODE_SIGN_IDENTITY[sdk=iphoneos*]" = "iPhone Developer";
				COPY_PHASE_STRIP = NO;
				DEBUG_INFORMATION_FORMAT = "dwarf-with-dsym";
				ENABLE_NS_ASSERTIONS = NO;
				ENABLE_STRICT_OBJC_MSGSEND = YES;
				GCC_C_LANGUAGE_STANDARD = gnu99;
				GCC_NO_COMMON_BLOCKS = YES;
				GCC_WARN_64_TO_32_BIT_CONVERSION = YES;
				GCC_WARN_ABOUT_RETURN_TYPE = YES_ERROR;
				GCC_WARN_UNDECLARED_SELECTOR = YES;
				GCC_WARN_UNINITIALIZED_AUTOS = YES_AGGRESSIVE;
				GCC_WARN_UNUSED_FUNCTION = YES;
				GCC_WARN_UNUSED_VARIABLE = YES;
				IPHONEOS_DEPLOYMENT_TARGET = 9.1;
				MTL_ENABLE_DEBUG_INFO = NO;
				SDKROOT = iphoneos;
				VALIDATE_PRODUCT = YES;
			};
			name = Release;
		};
		A5A0A9121CA2C8A900BB061D /* Debug */ = {
			isa = XCBuildConfiguration;
			buildSettings = {
				ASSETCATALOG_COMPILER_APPICON_NAME = AppIcon;
				ASSETCATALOG_COMPILER_LAUNCHIMAGE_NAME = LaunchImage;
				GCC_PRECOMPILE_PREFIX_HEADER = YES;
				GCC_PREFIX_HEADER = "/Users/labixiaoxin1019/XcodeProject/IOS_Project/新浪微博UI框架01/新浪微博UI框架01/Classes/PrefixHeader.pch";
				INFOPLIST_FILE = "新浪微博UI框架01/Info.plist";
				IPHONEOS_DEPLOYMENT_TARGET = 7.1;
				LD_RUNPATH_SEARCH_PATHS = "$(inherited) @executable_path/Frameworks";
				PRODUCT_BUNDLE_IDENTIFIER = "com.labixiaoxin1019.weiboUI-01";
				PRODUCT_NAME = "weiboUI-01";
			};
			name = Debug;
		};
		A5A0A9131CA2C8A900BB061D /* Release */ = {
			isa = XCBuildConfiguration;
			buildSettings = {
				ASSETCATALOG_COMPILER_APPICON_NAME = AppIcon;
				ASSETCATALOG_COMPILER_LAUNCHIMAGE_NAME = LaunchImage;
				GCC_PRECOMPILE_PREFIX_HEADER = YES;
				GCC_PREFIX_HEADER = "/Users/labixiaoxin1019/XcodeProject/IOS_Project/新浪微博UI框架01/新浪微博UI框架01/Classes/PrefixHeader.pch";
				INFOPLIST_FILE = "新浪微博UI框架01/Info.plist";
				IPHONEOS_DEPLOYMENT_TARGET = 7.1;
				LD_RUNPATH_SEARCH_PATHS = "$(inherited) @executable_path/Frameworks";
				PRODUCT_BUNDLE_IDENTIFIER = "com.labixiaoxin1019.weiboUI-01";
				PRODUCT_NAME = "weiboUI-01";
			};
			name = Release;
		};
/* End XCBuildConfiguration section */

/* Begin XCConfigurationList section */
		A5A0A8F51CA2C8A900BB061D /* Build configuration list for PBXProject "新浪微博UI框架01" */ = {
			isa = XCConfigurationList;
			buildConfigurations = (
				A5A0A90F1CA2C8A900BB061D /* Debug */,
				A5A0A9101CA2C8A900BB061D /* Release */,
			);
			defaultConfigurationIsVisible = 0;
			defaultConfigurationName = Release;
		};
		A5A0A9111CA2C8A900BB061D /* Build configuration list for PBXNativeTarget "新浪微博UI框架01" */ = {
			isa = XCConfigurationList;
			buildConfigurations = (
				A5A0A9121CA2C8A900BB061D /* Debug */,
				A5A0A9131CA2C8A900BB061D /* Release */,
			);
			defaultConfigurationIsVisible = 0;
			defaultConfigurationName = Release;
		};
/* End XCConfigurationList section */
	};
	rootObject = A5A0A8F21CA2C8A900BB061D /* Project object */;
}
